
Microsoft Visual Studio Solution File, Format Version 12.00
# Visual Studio Version 16
VisualStudioVersion = 16.0.31005.135
MinimumVisualStudioVersion = 10.0.40219.1
Project("{FAE04EC0-301F-11D3-BF4B-00C04F79EFBC}") = "HelloWorld", "HelloWorld\HelloWorld.csproj", "{0101D538-5D14-4EFB-B097-B2CFCEFFE210}"
EndProject
Global
	GlobalSection(SolutionConfigurationPlatforms) = preSolution
		Debug|Any CPU = Debug|Any CPU
		Release|Any CPU = Release|Any CPU
	EndGlobalSection
	GlobalSection(ProjectConfigurationPlatforms) = postSolution
		{0101D538-5D14-4EFB-B097-B2CFCEFFE210}.Debug|Any CPU.ActiveCfg = Debug|Any CPU
		{0101D538-5D14-4EFB-B097-B2CFCEFFE210}.Debug|Any CPU.Build.0 = Debug|Any CPU
		{0101D538-5D14-4EFB-B097-B2CFCEFFE210}.Release|Any CPU.ActiveCfg = Release|Any CPU
		{0101D538-5D14-4EFB-B097-B2CFCEFFE210}.Release|Any CPU.Build.0 = Release|Any CPU
	EndGlobalSection
	GlobalSection(SolutionProperties) = preSolution
		HideSolutionNode = FALSE
	EndGlobalSection
	GlobalSection(ExtensibilityGlobals) = postSolution
		SolutionGuid = {7673B511-FDA5-4348-90BF-F2DDFB3D98F9}
	EndGlobalSection
EndGlobal
